
Microsoft Visual Studio Solution File, Format Version 12.00
# Visual Studio 2013
VisualStudioVersion = 12.0.30723.0
MinimumVisualStudioVersion = 10.0.40219.1
Project("{FAE04EC0-301F-11D3-BF4B-00C04F79EFBC}") = "Luma.SimpleEntity", "Luma.SimpleEntity\Luma.SimpleEntity.csproj", "{B33BF27F-7DF7-46FF-A1DA-F12A873E124F}"
EndProject
Project("{FAE04EC0-301F-11D3-BF4B-00C04F79EFBC}") = "Luma.SimpleEntity.Server", "Luma.SimpleEntity.Server\Luma.SimpleEntity.Server.csproj", "{3662E176-BADC-4B9F-BE94-E97C62AFE456}"
EndProject
Project("{FAE04EC0-301F-11D3-BF4B-00C04F79EFBC}") = "Luma.SimpleEntity.Helpers", "Luma.SimpleEntity.Helpers\Luma.SimpleEntity.Helpers.csproj", "{AF46130C-2F30-4D86-93AD-D8B7C0C891F2}"
EndProject
Project("{2150E333-8FDC-42A3-9474-1A3956D46DE8}") = "Tests", "Tests", "{EDBA0257-0CE8-4921-945D-025C9832D1D8}"
EndProject
Project("{FAE04EC0-301F-11D3-BF4B-00C04F79EFBC}") = "Luma.SimpleEntity.TestHelpers", "Tests\Luma.SimpleEntity.TestHelpers\Luma.SimpleEntity.TestHelpers.csproj", "{03788A27-145D-4282-8FDC-C336A3BBC471}"
EndProject
Project("{FAE04EC0-301F-11D3-BF4B-00C04F79EFBC}") = "Luma.SimpleEntity.Tests", "Tests\Luma.SimpleEntity.Tests\Luma.SimpleEntity.Tests.csproj", "{A94B2843-C68E-4548-9168-63469D625932}"
EndProject
Project("{FAE04EC0-301F-11D3-BF4B-00C04F79EFBC}") = "Luma.SimpleEntity.Client", "Luma.SimpleEntity.Client\Luma.SimpleEntity.Client.csproj", "{08264CF6-BB93-4C46-8992-CCA8F601C06D}"
EndProject
Project("{2150E333-8FDC-42A3-9474-1A3956D46DE8}") = "TestProjects", "TestProjects", "{73489EB7-1388-4A5C-A536-1FF38BC72394}"
EndProject
Project("{FAE04EC0-301F-11D3-BF4B-00C04F79EFBC}") = "ClientClassLib", "Tests\Luma.SimpleEntity.Tests\ClientClassLib\ClientClassLib.csproj", "{3AB9EA3C-D906-4930-AC3D-B4773F929D99}"
EndProject
Project("{FAE04EC0-301F-11D3-BF4B-00C04F79EFBC}") = "ClientClassLib2", "Tests\Luma.SimpleEntity.Tests\ClientClassLib2\ClientClassLib2.csproj", "{C241CE1B-F3FA-41C3-B682-9C2FF3AF3805}"
EndProject
Project("{FAE04EC0-301F-11D3-BF4B-00C04F79EFBC}") = "ServerClassLib", "Tests\Luma.SimpleEntity.Tests\ServerClassLib\ServerClassLib.csproj", "{FE9777B2-ED24-4464-9D35-42A628B00EF7}"
EndProject
Project("{FAE04EC0-301F-11D3-BF4B-00C04F79EFBC}") = "ServerClassLib2", "Tests\Luma.SimpleEntity.Tests\ServerClassLib2\ServerClassLib2.csproj", "{E18F4826-0BF5-4350-9C2F-8A7C5A703CEC}"
EndProject
Project("{FAE04EC0-301F-11D3-BF4B-00C04F79EFBC}") = "TypeLoadExceptionProject", "Tests\Luma.SimpleEntity.Tests\TypeLoadExceptionProject\TypeLoadExceptionProject.csproj", "{2265A098-F256-418D-9D11-9FD6561E8D42}"
EndProject
Global
	GlobalSection(SolutionConfigurationPlatforms) = preSolution
		Debug|Any CPU = Debug|Any CPU
		DebugNet40|Any CPU = DebugNet40|Any CPU
		MyGet40|Any CPU = MyGet40|Any CPU
		Release|Any CPU = Release|Any CPU
		ReleaseNet40|Any CPU = ReleaseNet40|Any CPU
		Signed|Any CPU = Signed|Any CPU
	EndGlobalSection
	GlobalSection(ProjectConfigurationPlatforms) = postSolution
		{B33BF27F-7DF7-46FF-A1DA-F12A873E124F}.Debug|Any CPU.ActiveCfg = Debug|Any CPU
		{B33BF27F-7DF7-46FF-A1DA-F12A873E124F}.Debug|Any CPU.Build.0 = Debug|Any CPU
		{B33BF27F-7DF7-46FF-A1DA-F12A873E124F}.DebugNet40|Any CPU.ActiveCfg = Debug|Any CPU
		{B33BF27F-7DF7-46FF-A1DA-F12A873E124F}.DebugNet40|Any CPU.Build.0 = Debug|Any CPU
		{B33BF27F-7DF7-46FF-A1DA-F12A873E124F}.MyGet40|Any CPU.ActiveCfg = Release|Any CPU
		{B33BF27F-7DF7-46FF-A1DA-F12A873E124F}.MyGet40|Any CPU.Build.0 = Release|Any CPU
		{B33BF27F-7DF7-46FF-A1DA-F12A873E124F}.Release|Any CPU.ActiveCfg = Release|Any CPU
		{B33BF27F-7DF7-46FF-A1DA-F12A873E124F}.Release|Any CPU.Build.0 = Release|Any CPU
		{B33BF27F-7DF7-46FF-A1DA-F12A873E124F}.ReleaseNet40|Any CPU.ActiveCfg = Release|Any CPU
		{B33BF27F-7DF7-46FF-A1DA-F12A873E124F}.ReleaseNet40|Any CPU.Build.0 = Release|Any CPU
		{B33BF27F-7DF7-46FF-A1DA-F12A873E124F}.Signed|Any CPU.ActiveCfg = Release|Any CPU
		{B33BF27F-7DF7-46FF-A1DA-F12A873E124F}.Signed|Any CPU.Build.0 = Release|Any CPU
		{3662E176-BADC-4B9F-BE94-E97C62AFE456}.Debug|Any CPU.ActiveCfg = Debug|Any CPU
		{3662E176-BADC-4B9F-BE94-E97C62AFE456}.Debug|Any CPU.Build.0 = Debug|Any CPU
		{3662E176-BADC-4B9F-BE94-E97C62AFE456}.DebugNet40|Any CPU.ActiveCfg = Debug|Any CPU
		{3662E176-BADC-4B9F-BE94-E97C62AFE456}.DebugNet40|Any CPU.Build.0 = Debug|Any CPU
		{3662E176-BADC-4B9F-BE94-E97C62AFE456}.MyGet40|Any CPU.ActiveCfg = Release|Any CPU
		{3662E176-BADC-4B9F-BE94-E97C62AFE456}.MyGet40|Any CPU.Build.0 = Release|Any CPU
		{3662E176-BADC-4B9F-BE94-E97C62AFE456}.Release|Any CPU.ActiveCfg = Release|Any CPU
		{3662E176-BADC-4B9F-BE94-E97C62AFE456}.Release|Any CPU.Build.0 = Release|Any CPU
		{3662E176-BADC-4B9F-BE94-E97C62AFE456}.ReleaseNet40|Any CPU.ActiveCfg = Release|Any CPU
		{3662E176-BADC-4B9F-BE94-E97C62AFE456}.ReleaseNet40|Any CPU.Build.0 = Release|Any CPU
		{3662E176-BADC-4B9F-BE94-E97C62AFE456}.Signed|Any CPU.ActiveCfg = Release|Any CPU
		{3662E176-BADC-4B9F-BE94-E97C62AFE456}.Signed|Any CPU.Build.0 = Release|Any CPU
		{AF46130C-2F30-4D86-93AD-D8B7C0C891F2}.Debug|Any CPU.ActiveCfg = Debug|Any CPU
		{AF46130C-2F30-4D86-93AD-D8B7C0C891F2}.Debug|Any CPU.Build.0 = Debug|Any CPU
		{AF46130C-2F30-4D86-93AD-D8B7C0C891F2}.DebugNet40|Any CPU.ActiveCfg = Debug|Any CPU
		{AF46130C-2F30-4D86-93AD-D8B7C0C891F2}.DebugNet40|Any CPU.Build.0 = Debug|Any CPU
		{AF46130C-2F30-4D86-93AD-D8B7C0C891F2}.MyGet40|Any CPU.ActiveCfg = Release|Any CPU
		{AF46130C-2F30-4D86-93AD-D8B7C0C891F2}.MyGet40|Any CPU.Build.0 = Release|Any CPU
		{AF46130C-2F30-4D86-93AD-D8B7C0C891F2}.Release|Any CPU.ActiveCfg = Release|Any CPU
		{AF46130C-2F30-4D86-93AD-D8B7C0C891F2}.Release|Any CPU.Build.0 = Release|Any CPU
		{AF46130C-2F30-4D86-93AD-D8B7C0C891F2}.ReleaseNet40|Any CPU.ActiveCfg = Release|Any CPU
		{AF46130C-2F30-4D86-93AD-D8B7C0C891F2}.ReleaseNet40|Any CPU.Build.0 = Release|Any CPU
		{AF46130C-2F30-4D86-93AD-D8B7C0C891F2}.Signed|Any CPU.ActiveCfg = Release|Any CPU
		{AF46130C-2F30-4D86-93AD-D8B7C0C891F2}.Signed|Any CPU.Build.0 = Release|Any CPU
		{03788A27-145D-4282-8FDC-C336A3BBC471}.Debug|Any CPU.ActiveCfg = Debug|Any CPU
		{03788A27-145D-4282-8FDC-C336A3BBC471}.Debug|Any CPU.Build.0 = Debug|Any CPU
		{03788A27-145D-4282-8FDC-C336A3BBC471}.DebugNet40|Any CPU.ActiveCfg = DebugNet40|Any CPU
		{03788A27-145D-4282-8FDC-C336A3BBC471}.DebugNet40|Any CPU.Build.0 = DebugNet40|Any CPU
		{03788A27-145D-4282-8FDC-C336A3BBC471}.MyGet40|Any CPU.ActiveCfg = MyGet40|Any CPU
		{03788A27-145D-4282-8FDC-C336A3BBC471}.MyGet40|Any CPU.Build.0 = MyGet40|Any CPU
		{03788A27-145D-4282-8FDC-C336A3BBC471}.Release|Any CPU.ActiveCfg = Release|Any CPU
		{03788A27-145D-4282-8FDC-C336A3BBC471}.Release|Any CPU.Build.0 = Release|Any CPU
		{03788A27-145D-4282-8FDC-C336A3BBC471}.ReleaseNet40|Any CPU.ActiveCfg = ReleaseNet40|Any CPU
		{03788A27-145D-4282-8FDC-C336A3BBC471}.ReleaseNet40|Any CPU.Build.0 = ReleaseNet40|Any CPU
		{03788A27-145D-4282-8FDC-C336A3BBC471}.Signed|Any CPU.ActiveCfg = Signed|Any CPU
		{03788A27-145D-4282-8FDC-C336A3BBC471}.Signed|Any CPU.Build.0 = Signed|Any CPU
		{A94B2843-C68E-4548-9168-63469D625932}.Debug|Any CPU.ActiveCfg = Debug|Any CPU
		{A94B2843-C68E-4548-9168-63469D625932}.Debug|Any CPU.Build.0 = Debug|Any CPU
		{A94B2843-C68E-4548-9168-63469D625932}.DebugNet40|Any CPU.ActiveCfg = DebugNet40|Any CPU
		{A94B2843-C68E-4548-9168-63469D625932}.DebugNet40|Any CPU.Build.0 = DebugNet40|Any CPU
		{A94B2843-C68E-4548-9168-63469D625932}.MyGet40|Any CPU.ActiveCfg = MyGet40|Any CPU
		{A94B2843-C68E-4548-9168-63469D625932}.MyGet40|Any CPU.Build.0 = MyGet40|Any CPU
		{A94B2843-C68E-4548-9168-63469D625932}.Release|Any CPU.ActiveCfg = Release|Any CPU
		{A94B2843-C68E-4548-9168-63469D625932}.Release|Any CPU.Build.0 = Release|Any CPU
		{A94B2843-C68E-4548-9168-63469D625932}.ReleaseNet40|Any CPU.ActiveCfg = ReleaseNet40|Any CPU
		{A94B2843-C68E-4548-9168-63469D625932}.ReleaseNet40|Any CPU.Build.0 = ReleaseNet40|Any CPU
		{A94B2843-C68E-4548-9168-63469D625932}.Signed|Any CPU.ActiveCfg = Signed|Any CPU
		{A94B2843-C68E-4548-9168-63469D625932}.Signed|Any CPU.Build.0 = Signed|Any CPU
		{08264CF6-BB93-4C46-8992-CCA8F601C06D}.Debug|Any CPU.ActiveCfg = Debug|Any CPU
		{08264CF6-BB93-4C46-8992-CCA8F601C06D}.Debug|Any CPU.Build.0 = Debug|Any CPU
		{08264CF6-BB93-4C46-8992-CCA8F601C06D}.DebugNet40|Any CPU.ActiveCfg = Debug|Any CPU
		{08264CF6-BB93-4C46-8992-CCA8F601C06D}.DebugNet40|Any CPU.Build.0 = Debug|Any CPU
		{08264CF6-BB93-4C46-8992-CCA8F601C06D}.MyGet40|Any CPU.ActiveCfg = Release|Any CPU
		{08264CF6-BB93-4C46-8992-CCA8F601C06D}.MyGet40|Any CPU.Build.0 = Release|Any CPU
		{08264CF6-BB93-4C46-8992-CCA8F601C06D}.Release|Any CPU.ActiveCfg = Release|Any CPU
		{08264CF6-BB93-4C46-8992-CCA8F601C06D}.Release|Any CPU.Build.0 = Release|Any CPU
		{08264CF6-BB93-4C46-8992-CCA8F601C06D}.ReleaseNet40|Any CPU.ActiveCfg = Release|Any CPU
		{08264CF6-BB93-4C46-8992-CCA8F601C06D}.ReleaseNet40|Any CPU.Build.0 = Release|Any CPU
		{08264CF6-BB93-4C46-8992-CCA8F601C06D}.Signed|Any CPU.ActiveCfg = Release|Any CPU
		{08264CF6-BB93-4C46-8992-CCA8F601C06D}.Signed|Any CPU.Build.0 = Release|Any CPU
		{3AB9EA3C-D906-4930-AC3D-B4773F929D99}.Debug|Any CPU.ActiveCfg = Debug|Any CPU
		{3AB9EA3C-D906-4930-AC3D-B4773F929D99}.Debug|Any CPU.Build.0 = Debug|Any CPU
		{3AB9EA3C-D906-4930-AC3D-B4773F929D99}.DebugNet40|Any CPU.ActiveCfg = DebugNet40|Any CPU
		{3AB9EA3C-D906-4930-AC3D-B4773F929D99}.DebugNet40|Any CPU.Build.0 = DebugNet40|Any CPU
		{3AB9EA3C-D906-4930-AC3D-B4773F929D99}.MyGet40|Any CPU.ActiveCfg = MyGet40|Any CPU
		{3AB9EA3C-D906-4930-AC3D-B4773F929D99}.MyGet40|Any CPU.Build.0 = MyGet40|Any CPU
		{3AB9EA3C-D906-4930-AC3D-B4773F929D99}.Release|Any CPU.ActiveCfg = Release|Any CPU
		{3AB9EA3C-D906-4930-AC3D-B4773F929D99}.Release|Any CPU.Build.0 = Release|Any CPU
		{3AB9EA3C-D906-4930-AC3D-B4773F929D99}.ReleaseNet40|Any CPU.ActiveCfg = ReleaseNet40|Any CPU
		{3AB9EA3C-D906-4930-AC3D-B4773F929D99}.ReleaseNet40|Any CPU.Build.0 = ReleaseNet40|Any CPU
		{3AB9EA3C-D906-4930-AC3D-B4773F929D99}.Signed|Any CPU.ActiveCfg = Signed|Any CPU
		{3AB9EA3C-D906-4930-AC3D-B4773F929D99}.Signed|Any CPU.Build.0 = Signed|Any CPU
		{C241CE1B-F3FA-41C3-B682-9C2FF3AF3805}.Debug|Any CPU.ActiveCfg = Debug|Any CPU
		{C241CE1B-F3FA-41C3-B682-9C2FF3AF3805}.Debug|Any CPU.Build.0 = Debug|Any CPU
		{C241CE1B-F3FA-41C3-B682-9C2FF3AF3805}.DebugNet40|Any CPU.ActiveCfg = DebugNet40|Any CPU
		{C241CE1B-F3FA-41C3-B682-9C2FF3AF3805}.DebugNet40|Any CPU.Build.0 = DebugNet40|Any CPU
		{C241CE1B-F3FA-41C3-B682-9C2FF3AF3805}.MyGet40|Any CPU.ActiveCfg = MyGet40|Any CPU
		{C241CE1B-F3FA-41C3-B682-9C2FF3AF3805}.MyGet40|Any CPU.Build.0 = MyGet40|Any CPU
		{C241CE1B-F3FA-41C3-B682-9C2FF3AF3805}.Release|Any CPU.ActiveCfg = Release|Any CPU
		{C241CE1B-F3FA-41C3-B682-9C2FF3AF3805}.Release|Any CPU.Build.0 = Release|Any CPU
		{C241CE1B-F3FA-41C3-B682-9C2FF3AF3805}.ReleaseNet40|Any CPU.ActiveCfg = ReleaseNet40|Any CPU
		{C241CE1B-F3FA-41C3-B682-9C2FF3AF3805}.ReleaseNet40|Any CPU.Build.0 = ReleaseNet40|Any CPU
		{C241CE1B-F3FA-41C3-B682-9C2FF3AF3805}.Signed|Any CPU.ActiveCfg = Signed|Any CPU
		{C241CE1B-F3FA-41C3-B682-9C2FF3AF3805}.Signed|Any CPU.Build.0 = Signed|Any CPU
		{FE9777B2-ED24-4464-9D35-42A628B00EF7}.Debug|Any CPU.ActiveCfg = Debug|Any CPU
		{FE9777B2-ED24-4464-9D35-42A628B00EF7}.Debug|Any CPU.Build.0 = Debug|Any CPU
		{FE9777B2-ED24-4464-9D35-42A628B00EF7}.DebugNet40|Any CPU.ActiveCfg = DebugNet40|Any CPU
		{FE9777B2-ED24-4464-9D35-42A628B00EF7}.DebugNet40|Any CPU.Build.0 = DebugNet40|Any CPU
		{FE9777B2-ED24-4464-9D35-42A628B00EF7}.MyGet40|Any CPU.ActiveCfg = MyGet40|Any CPU
		{FE9777B2-ED24-4464-9D35-42A628B00EF7}.MyGet40|Any CPU.Build.0 = MyGet40|Any CPU
		{FE9777B2-ED24-4464-9D35-42A628B00EF7}.Release|Any CPU.ActiveCfg = Release|Any CPU
		{FE9777B2-ED24-4464-9D35-42A628B00EF7}.Release|Any CPU.Build.0 = Release|Any CPU
		{FE9777B2-ED24-4464-9D35-42A628B00EF7}.ReleaseNet40|Any CPU.ActiveCfg = ReleaseNet40|Any CPU
		{FE9777B2-ED24-4464-9D35-42A628B00EF7}.ReleaseNet40|Any CPU.Build.0 = ReleaseNet40|Any CPU
		{FE9777B2-ED24-4464-9D35-42A628B00EF7}.Signed|Any CPU.ActiveCfg = Signed|Any CPU
		{FE9777B2-ED24-4464-9D35-42A628B00EF7}.Signed|Any CPU.Build.0 = Signed|Any CPU
		{E18F4826-0BF5-4350-9C2F-8A7C5A703CEC}.Debug|Any CPU.ActiveCfg = Debug|Any CPU
		{E18F4826-0BF5-4350-9C2F-8A7C5A703CEC}.Debug|Any CPU.Build.0 = Debug|Any CPU
		{E18F4826-0BF5-4350-9C2F-8A7C5A703CEC}.DebugNet40|Any CPU.ActiveCfg = DebugNet40|Any CPU
		{E18F4826-0BF5-4350-9C2F-8A7C5A703CEC}.DebugNet40|Any CPU.Build.0 = DebugNet40|Any CPU
		{E18F4826-0BF5-4350-9C2F-8A7C5A703CEC}.MyGet40|Any CPU.ActiveCfg = MyGet40|Any CPU
		{E18F4826-0BF5-4350-9C2F-8A7C5A703CEC}.MyGet40|Any CPU.Build.0 = MyGet40|Any CPU
		{E18F4826-0BF5-4350-9C2F-8A7C5A703CEC}.Release|Any CPU.ActiveCfg = Release|Any CPU
		{E18F4826-0BF5-4350-9C2F-8A7C5A703CEC}.Release|Any CPU.Build.0 = Release|Any CPU
		{E18F4826-0BF5-4350-9C2F-8A7C5A703CEC}.ReleaseNet40|Any CPU.ActiveCfg = ReleaseNet40|Any CPU
		{E18F4826-0BF5-4350-9C2F-8A7C5A703CEC}.ReleaseNet40|Any CPU.Build.0 = ReleaseNet40|Any CPU
		{E18F4826-0BF5-4350-9C2F-8A7C5A703CEC}.Signed|Any CPU.ActiveCfg = Signed|Any CPU
		{E18F4826-0BF5-4350-9C2F-8A7C5A703CEC}.Signed|Any CPU.Build.0 = Signed|Any CPU
		{2265A098-F256-418D-9D11-9FD6561E8D42}.Debug|Any CPU.ActiveCfg = Debug|Any CPU
		{2265A098-F256-418D-9D11-9FD6561E8D42}.Debug|Any CPU.Build.0 = Debug|Any CPU
		{2265A098-F256-418D-9D11-9FD6561E8D42}.DebugNet40|Any CPU.ActiveCfg = DebugNet40|Any CPU
		{2265A098-F256-418D-9D11-9FD6561E8D42}.DebugNet40|Any CPU.Build.0 = DebugNet40|Any CPU
		{2265A098-F256-418D-9D11-9FD6561E8D42}.MyGet40|Any CPU.ActiveCfg = MyGet40|Any CPU
		{2265A098-F256-418D-9D11-9FD6561E8D42}.MyGet40|Any CPU.Build.0 = MyGet40|Any CPU
		{2265A098-F256-418D-9D11-9FD6561E8D42}.Release|Any CPU.ActiveCfg = Release|Any CPU
		{2265A098-F256-418D-9D11-9FD6561E8D42}.Release|Any CPU.Build.0 = Release|Any CPU
		{2265A098-F256-418D-9D11-9FD6561E8D42}.ReleaseNet40|Any CPU.ActiveCfg = ReleaseNet40|Any CPU
		{2265A098-F256-418D-9D11-9FD6561E8D42}.ReleaseNet40|Any CPU.Build.0 = ReleaseNet40|Any CPU
		{2265A098-F256-418D-9D11-9FD6561E8D42}.Signed|Any CPU.ActiveCfg = Signed|Any CPU
		{2265A098-F256-418D-9D11-9FD6561E8D42}.Signed|Any CPU.Build.0 = Signed|Any CPU
	EndGlobalSection
	GlobalSection(SolutionProperties) = preSolution
		HideSolutionNode = FALSE
	EndGlobalSection
	GlobalSection(NestedProjects) = preSolution
		{03788A27-145D-4282-8FDC-C336A3BBC471} = {EDBA0257-0CE8-4921-945D-025C9832D1D8}
		{A94B2843-C68E-4548-9168-63469D625932} = {EDBA0257-0CE8-4921-945D-025C9832D1D8}
		{73489EB7-1388-4A5C-A536-1FF38BC72394} = {EDBA0257-0CE8-4921-945D-025C9832D1D8}
		{3AB9EA3C-D906-4930-AC3D-B4773F929D99} = {73489EB7-1388-4A5C-A536-1FF38BC72394}
		{C241CE1B-F3FA-41C3-B682-9C2FF3AF3805} = {73489EB7-1388-4A5C-A536-1FF38BC72394}
		{FE9777B2-ED24-4464-9D35-42A628B00EF7} = {73489EB7-1388-4A5C-A536-1FF38BC72394}
		{E18F4826-0BF5-4350-9C2F-8A7C5A703CEC} = {73489EB7-1388-4A5C-A536-1FF38BC72394}
		{2265A098-F256-418D-9D11-9FD6561E8D42} = {73489EB7-1388-4A5C-A536-1FF38BC72394}
	EndGlobalSection
EndGlobal
